# This file was autogenerated by Stack.
# You should not edit this file by hand.
# For more information, please see the documentation at:
#   https://docs.haskellstack.org/en/stable/lock_files

packages:
- completed:
    hackage: gloss-juicy-0.2.3@sha256:0c3bca95237cbf91f8b3b1936a0661f1e0457acd80502276d54d6c5210f88b25,1618
    pantry-tree:
      size: 273
      sha256: 914c08509bc3da4707d90e542b44833ca1a62abc83c2848f87df3d7a7a1d7e03
  original:
    hackage: gloss-juicy-0.2.3@sha256:0c3bca95237cbf91f8b3b1936a0661f1e0457acd80502276d54d6c5210f88b25,1618
- completed:
    hackage: ghci-dap-0.0.14.0@sha256:29a0a9e3aa7ffe46b8e1232be26105af53902471e31a23db5431510946542ab9,3145
    pantry-tree:
      size: 2312
      sha256: 9cf510570d8819b892ba4eae4b1b1bf3f64e36179edad99dd6bc69f0a294380c
  original:
    hackage: ghci-dap-0.0.14.0@sha256:29a0a9e3aa7ffe46b8e1232be26105af53902471e31a23db5431510946542ab9,3145
- completed:
    hackage: haskell-dap-0.0.14.0@sha256:1befb8a6fce3e05c7cb10a1c883269fbd1c54ff7cec3314fa7dd64dba822a89e,3336
    pantry-tree:
      size: 2945
      sha256: 7ef9bdacad04e0dd250c9e81e4d5aa4b030ffb317029f486676bec781393725b
  original:
    hackage: haskell-dap-0.0.14.0@sha256:1befb8a6fce3e05c7cb10a1c883269fbd1c54ff7cec3314fa7dd64dba822a89e,3336
- completed:
    hackage: haskell-debug-adapter-0.0.33.0@sha256:64a72048080eb599d733cbcbeb9dec1852c19f9c4672cd3d1f00e68058c63fba,6503
    pantry-tree:
      size: 3058
      sha256: 830d52eb940c7c6c7a81b09ceddc642f1794ee0c43afc8a2ebba8c8f81c66131
  original:
    hackage: haskell-debug-adapter-0.0.33.0@sha256:64a72048080eb599d733cbcbeb9dec1852c19f9c4672cd3d1f00e68058c63fba,6503
- completed:
    name: GraphTheory
    version: 0.1.0.0
    git: https://github.com/fun-redoc/GraphTheory.git
    pantry-tree:
      size: 1242
      sha256: 8e32931d518b308013edc652abfb400fcd9bf69b93cc2287a4e371f7e91d48be
    commit: 68e1aee9402103700d0f15239eae3bc3d0572238
  original:
    git: https://github.com/fun-redoc/GraphTheory.git
    commit: 68e1aee9402103700d0f15239eae3bc3d0572238
snapshots:
- completed:
    size: 493124
    url: https://raw.githubusercontent.com/commercialhaskell/stackage-snapshots/master/lts/15/10.yaml
    sha256: 48bc6d1d59224a5166265ef6cdda6a512f29ecc8ef7331826312b82377e89507
  original: lts-15.10
